{
  "name": "Watermark-linux-ComModeloFrancisco",
  "lockfileVersion": 3,
  "requires": true,
  "packages": {
    "": {
      "dependencies": {
        "@lottiefiles/dotlottie-react": "^0.16.1",
        "@lottiefiles/react-lottie-player": "^3.6.0"
      }
    },
    "node_modules/@lottiefiles/dotlottie-react": {
      "version": "0.16.1",
      "resolved": "https://registry.npmjs.org/@lottiefiles/dotlottie-react/-/dotlottie-react-0.16.1.tgz",
      "integrity": "sha512-S2qyrFppwgx03f0yzd/8MGijTJH+2RwhcXSVZI0GMsvZH7Xh+4JdtX8xNku+MmQiVD8671Rg29yx73QZNFkfig==",
      "license": "MIT",
      "dependencies": {
        "@lottiefiles/dotlottie-web": "0.51.1"
      },
      "peerDependencies": {
        "react": "^17 || ^18 || ^19"
      }
    },
    "node_modules/@lottiefiles/dotlottie-web": {
      "version": "0.51.1",
      "resolved": "https://registry.npmjs.org/@lottiefiles/dotlottie-web/-/dotlottie-web-0.51.1.tgz",
      "integrity": "sha512-73FV3nJ7vC+0sUDeM+tXs5GXblDAi8Z8qZ9scyZ/3hf6+EeocNHwx9YxkYrklWE3b0ESOT2uNt1Cmfyc40SaGQ==",
      "license": "MIT"
    },
    "node_modules/@lottiefiles/react-lottie-player": {
      "version": "3.6.0",
      "resolved": "https://registry.npmjs.org/@lottiefiles/react-lottie-player/-/react-lottie-player-3.6.0.tgz",
      "integrity": "sha512-WK5TriLJT93VF3w4IjSVyveiedraZCnDhKzCPhpbeLgQeMi6zufxa3dXNc4HmAFRXq+LULPAy+Idv1rAfkReMA==",
      "license": "MIT",
      "dependencies": {
        "lottie-web": "^5.12.2"
      },
      "peerDependencies": {
        "react": "16 - 19"
      }
    },
    "node_modules/lottie-web": {
      "version": "5.13.0",
      "resolved": "https://registry.npmjs.org/lottie-web/-/lottie-web-5.13.0.tgz",
      "integrity": "sha512-+gfBXl6sxXMPe8tKQm7qzLnUy5DUPJPKIyRHwtpCpyUEYjHYRJC/5gjUvdkuO2c3JllrPtHXH5UJJK8LRYl5yQ==",
      "license": "MIT"
    },
    "node_modules/react": {
      "version": "19.1.1",
      "resolved": "https://registry.npmjs.org/react/-/react-19.1.1.tgz",
      "integrity": "sha512-w8nqGImo45dmMIfljjMwOGtbmC/mk4CMYhWIicdSflH91J9TyCyczcPFXJzrZ/ZXcgGRFeP6BU0BEJTw6tZdfQ==",
      "license": "MIT",
      "peer": true,
      "engines": {
        "node": ">=0.10.0"
      }
    }
  }
}
